# This file is autogenerated, do not edit; changes may be undone by the next 'dep ensure'.


[[projects]]
  branch = "master"
  name = "github.com/dchest/safefile"
  packages = ["."]
  revision = "855e8d98f1852d48dde521e0522408d1fe7e836a"

[[projects]]
  branch = "master"
  name = "github.com/gogits/chardet"
  packages = ["."]
  revision = "2404f777256163ea3eadb273dada5dcb037993c0"

[[projects]]
  branch = "master"
  name = "github.com/mailru/easyjson"
  packages = [".","buffer","jlexer","jwriter"]
  revision = "2f5df55504ebc322e4d52d34df6a1f5b503bf26d"

[[projects]]
  branch = "master"
  name = "github.com/minio/blake2b-simd"
  packages = ["."]
  revision = "3f5f724cb5b182a5c278d6d3d55b40e7f8c2efb4"

[[projects]]
  branch = "master"
  name = "github.com/myfreeweb/go-base64-simd"
  packages = ["base64"]
  revision = "5b6f2d8a68850717af4bf539e0dc378bd1ca88d1"

[[projects]]
  branch = "master"
  name = "github.com/myfreeweb/go-email"
  packages = ["email"]
  revision = "022ca2a548a390bdd290f3bdd25d41db77337f4c"

[[projects]]
  name = "github.com/pkg/errors"
  packages = ["."]
  revision = "645ef00459ed84a119197bfb8d8205042c6df63d"
  version = "v0.8.0"

[[projects]]
  name = "go.uber.org/atomic"
  packages = ["."]
  revision = "4e336646b2ef9fc6e47be8e21594178f98e5ebcf"
  version = "v1.2.0"

[[projects]]
  name = "go.uber.org/multierr"
  packages = ["."]
  revision = "3c4937480c32f4c13a875a1829af76c98ca3d40a"
  version = "v1.1.0"

[[projects]]
  name = "go.uber.org/zap"
  packages = [".","buffer","internal/bufferpool","internal/color","internal/exit","zapcore"]
  revision = "35aad584952c3e7020db7b839f6b102de6271f89"
  version = "v1.7.1"

[[projects]]
  branch = "master"
  name = "golang.org/x/text"
  packages = ["encoding","encoding/charmap","encoding/htmlindex","encoding/internal","encoding/internal/identifier","encoding/japanese","encoding/korean","encoding/simplifiedchinese","encoding/traditionalchinese","encoding/unicode","internal/gen","internal/tag","internal/utf8internal","language","runes","transform","unicode/cldr"]
  revision = "3bd178b88a8180be2df394a1fbb81313916f0e7b"

[[projects]]
  name = "gopkg.in/olivere/elastic.v5"
  packages = [".","config","uritemplates"]
  revision = "e8c9fc5c302ede16c26837ee0ac8ed6301a5806f"
  version = "v5.0.51"

[solve-meta]
  analyzer-name = "dep"
  analyzer-version = 1
  inputs-digest = "0b8ddfb137a87550a23b972620409490630780b1c88522c6a74bac964f74c4f4"
  solver-name = "gps-cdcl"
  solver-version = 1
